
Microsoft Visual Studio Solution File, Format Version 12.00
# Visual Studio 14
VisualStudioVersion = 14.0.23107.0
MinimumVisualStudioVersion = 10.0.40219.1
Project("{FAE04EC0-301F-11D3-BF4B-00C04F79EFBC}") = "INotify", "INotify\INotify.csproj", "{FAFAC0BF-0892-466E-8936-32672369ED7D}"
EndProject
Project("{2150E333-8FDC-42A3-9474-1A3956D46DE8}") = "ReSharper", "ReSharper", "{5F490D41-7DD2-49B9-A752-FFFC81451A71}"
	ProjectSection(SolutionItems) = preProject
		INotify.sln.DotSettings = INotify.sln.DotSettings
	EndProjectSection
EndProject
Global
	GlobalSection(SolutionConfigurationPlatforms) = preSolution
		Debug|Any CPU = Debug|Any CPU
		Release|Any CPU = Release|Any CPU
	EndGlobalSection
	GlobalSection(ProjectConfigurationPlatforms) = postSolution
		{FAFAC0BF-0892-466E-8936-32672369ED7D}.Debug|Any CPU.ActiveCfg = Debug|Any CPU
		{FAFAC0BF-0892-466E-8936-32672369ED7D}.Debug|Any CPU.Build.0 = Debug|Any CPU
		{FAFAC0BF-0892-466E-8936-32672369ED7D}.Release|Any CPU.ActiveCfg = Release|Any CPU
		{FAFAC0BF-0892-466E-8936-32672369ED7D}.Release|Any CPU.Build.0 = Release|Any CPU
	EndGlobalSection
	GlobalSection(SolutionProperties) = preSolution
		HideSolutionNode = FALSE
	EndGlobalSection
EndGlobal
