
Microsoft Visual Studio Solution File, Format Version 12.00
# Visual Studio 15
VisualStudioVersion = 15.0.26403.3
MinimumVisualStudioVersion = 10.0.40219.1
Project("{2150E333-8FDC-42A3-9474-1A3956D46DE8}") = "src", "src", "{01DF61B8-FAA9-4C17-BE09-C47A9BE793F8}"
EndProject
Project("{9A19103F-16F7-4668-BE54-9A1E7A4F7556}") = "INotify.Core", "src\INotify.Core\INotify.Core.csproj", "{5ED91C3F-08F5-45D5-8723-39D6B8557051}"
EndProject
Project("{9A19103F-16F7-4668-BE54-9A1E7A4F7556}") = "INotify.Core.Commands", "src\INotify.Core.Commands\INotify.Core.Commands.csproj", "{6BED4D52-8C73-4A14-9554-5ABA9E90DEF2}"
EndProject
Global
	GlobalSection(SolutionConfigurationPlatforms) = preSolution
		Debug|Any CPU = Debug|Any CPU
		Release|Any CPU = Release|Any CPU
	EndGlobalSection
	GlobalSection(ProjectConfigurationPlatforms) = postSolution
		{5ED91C3F-08F5-45D5-8723-39D6B8557051}.Debug|Any CPU.ActiveCfg = Debug|Any CPU
		{5ED91C3F-08F5-45D5-8723-39D6B8557051}.Debug|Any CPU.Build.0 = Debug|Any CPU
		{5ED91C3F-08F5-45D5-8723-39D6B8557051}.Release|Any CPU.ActiveCfg = Release|Any CPU
		{5ED91C3F-08F5-45D5-8723-39D6B8557051}.Release|Any CPU.Build.0 = Release|Any CPU
		{6BED4D52-8C73-4A14-9554-5ABA9E90DEF2}.Debug|Any CPU.ActiveCfg = Debug|Any CPU
		{6BED4D52-8C73-4A14-9554-5ABA9E90DEF2}.Debug|Any CPU.Build.0 = Debug|Any CPU
		{6BED4D52-8C73-4A14-9554-5ABA9E90DEF2}.Release|Any CPU.ActiveCfg = Release|Any CPU
		{6BED4D52-8C73-4A14-9554-5ABA9E90DEF2}.Release|Any CPU.Build.0 = Release|Any CPU
	EndGlobalSection
	GlobalSection(SolutionProperties) = preSolution
		HideSolutionNode = FALSE
	EndGlobalSection
	GlobalSection(NestedProjects) = preSolution
		{5ED91C3F-08F5-45D5-8723-39D6B8557051} = {01DF61B8-FAA9-4C17-BE09-C47A9BE793F8}
		{6BED4D52-8C73-4A14-9554-5ABA9E90DEF2} = {01DF61B8-FAA9-4C17-BE09-C47A9BE793F8}
	EndGlobalSection
EndGlobal
